
Microsoft Visual Studio Solution File, Format Version 12.00
# Visual Studio 2013
VisualStudioVersion = 12.0.30501.0
MinimumVisualStudioVersion = 10.0.40219.1
Project("{8BC9CEB8-8B4A-11D0-8D11-00A0C91BC942}") = "1218-1", "1218-1\1218-1.vcxproj", "{615F7D6B-63B0-417D-A3D0-A79D4946AB22}"
EndProject
Global
	GlobalSection(SolutionConfigurationPlatforms) = preSolution
		Debug|Win32 = Debug|Win32
		Release|Win32 = Release|Win32
	EndGlobalSection
	GlobalSection(ProjectConfigurationPlatforms) = postSolution
		{615F7D6B-63B0-417D-A3D0-A79D4946AB22}.Debug|Win32.ActiveCfg = Debug|Win32
		{615F7D6B-63B0-417D-A3D0-A79D4946AB22}.Debug|Win32.Build.0 = Debug|Win32
		{615F7D6B-63B0-417D-A3D0-A79D4946AB22}.Release|Win32.ActiveCfg = Release|Win32
		{615F7D6B-63B0-417D-A3D0-A79D4946AB22}.Release|Win32.Build.0 = Release|Win32
	EndGlobalSection
	GlobalSection(SolutionProperties) = preSolution
		HideSolutionNode = FALSE
	EndGlobalSection
EndGlobal
